
Microsoft Visual Studio Solution File, Format Version 12.00
# Visual Studio Version 16
VisualStudioVersion = 16.0.34601.136
MinimumVisualStudioVersion = 10.0.40219.1
Project("{FAE04EC0-301F-11D3-BF4B-00C04F79EFBC}") = "EthanETLTool", "EthanETLTool\EthanETLTool.csproj", "{32E99233-05B1-4EBD-8190-0E16DF9C1B21}"
EndProject
Global
	GlobalSection(SolutionConfigurationPlatforms) = preSolution
		Debug|Any CPU = Debug|Any CPU
		Release|Any CPU = Release|Any CPU
	EndGlobalSection
	GlobalSection(ProjectConfigurationPlatforms) = postSolution
		{32E99233-05B1-4EBD-8190-0E16DF9C1B21}.Debug|Any CPU.ActiveCfg = Debug|Any CPU
		{32E99233-05B1-4EBD-8190-0E16DF9C1B21}.Debug|Any CPU.Build.0 = Debug|Any CPU
		{32E99233-05B1-4EBD-8190-0E16DF9C1B21}.Release|Any CPU.ActiveCfg = Release|Any CPU
		{32E99233-05B1-4EBD-8190-0E16DF9C1B21}.Release|Any CPU.Build.0 = Release|Any CPU
	EndGlobalSection
	GlobalSection(SolutionProperties) = preSolution
		HideSolutionNode = FALSE
	EndGlobalSection
	GlobalSection(ExtensibilityGlobals) = postSolution
		SolutionGuid = {0EA684CE-CC99-467D-9972-CCB9B100324A}
	EndGlobalSection
EndGlobal
